
Microsoft Visual Studio Solution File, Format Version 12.00
# Visual Studio Version 17
VisualStudioVersion = 17.7.34221.43
MinimumVisualStudioVersion = 10.0.40219.1
Project("{FAE04EC0-301F-11D3-BF4B-00C04F79EFBC}") = "MoneyMind", "MoneyMind.csproj", "{A18C3AFC-ED8B-4BA8-AC77-116CB06A6F51}"
EndProject
Global
	GlobalSection(SolutionConfigurationPlatforms) = preSolution
		Debug|Any CPU = Debug|Any CPU
		Release|Any CPU = Release|Any CPU
	EndGlobalSection
	GlobalSection(ProjectConfigurationPlatforms) = postSolution
		{A18C3AFC-ED8B-4BA8-AC77-116CB06A6F51}.Debug|Any CPU.ActiveCfg = Debug|Any CPU
		{A18C3AFC-ED8B-4BA8-AC77-116CB06A6F51}.Debug|Any CPU.Build.0 = Debug|Any CPU
		{A18C3AFC-ED8B-4BA8-AC77-116CB06A6F51}.Release|Any CPU.ActiveCfg = Release|Any CPU
		{A18C3AFC-ED8B-4BA8-AC77-116CB06A6F51}.Release|Any CPU.Build.0 = Release|Any CPU
	EndGlobalSection
	GlobalSection(SolutionProperties) = preSolution
		HideSolutionNode = FALSE
	EndGlobalSection
	GlobalSection(ExtensibilityGlobals) = postSolution
		SolutionGuid = {80659F12-A1FF-4D9C-9405-74BABA09A841}
	EndGlobalSection
EndGlobal
